<?xml version="1.0" encoding="utf-8"?>
<Project ToolsVersion="4.0" xmlns="http://schemas.microsoft.com/developer/msbuild/2003">
  <ItemGroup>
    <Filter Include="Source Files">
      <UniqueIdentifier>{4FC737F1-C7A5-4376-A066-2A32D752A2FF}</UniqueIdentifier>
      <Extensions>cpp;c;cc;cxx;c++;cppm;ixx;def;odl;idl;hpj;bat;asm;asmx</Extensions>
    </Filter>
    <Filter Include="Header Files">
      <UniqueIdentifier>{93995380-89BD-4b04-88EB-625FBE52EBFB}</UniqueIdentifier>
      <Extensions>h;hh;hpp;hxx;h++;hm;inl;inc;ipp;xsd</Extensions>
    </Filter>
    <Filter Include="Resource Files">
      <UniqueIdentifier>{67DA6AB6-F800-4c08-8B7A-83BB121AAD01}</UniqueIdentifier>
      <Extensions>rc;ico;cur;bmp;dlg;rc2;rct;bin;rgs;gif;jpg;jpeg;jpe;resx;tiff;tif;png;wav;mfcribbon-ms</Extensions>
    </Filter>
    <Filter Include="Media">
      <UniqueIdentifier>{fd94aff1-7048-4168-966a-088e42b11ed6}</UniqueIdentifier>
    </Filter>
  </ItemGroup>
  <ItemGroup>
    <Text Include="Media\Copy Assets Here.txt">
      <Filter>Media</Filter>
    </Text>
  </ItemGroup>
  <ItemGroup>
    <ClInclude Include="dd_copyjob.h">
      <Filter>Header Files</Filter>
    </ClInclude>
    <ClInclude Include="dd_fileops.h">
      <Filter>Header Files</Filter>
    </ClInclude>
    <ClInclude Include="dd_gfx.h">
      <Filter>Header Files</Filter>
    </ClInclude>
    <ClInclude Include="dd_iso.h">
      <Filter>Header Files</Filter>
    </ClInclude>
    <ClInclude Include="dd_ui.h">
      <Filter>Header Files</Filter>
    </ClInclude>
    <ClInclude Include="fileman.h">
      <Filter>Header Files</Filter>
    </ClInclude>
    <ClInclude Include="font.h">
      <Filter>Header Files</Filter>
    </ClInclude>
    <ClInclude Include="font_atlas.h">
      <Filter>Header Files</Filter>
    </ClInclude>
    <ClInclude Include="input.h">
      <Filter>Header Files</Filter>
    </ClInclude>
    <ClInclude Include="usb2xb.h">
      <Filter>Header Files</Filter>
    </ClInclude>
    <ClInclude Include="usb2xb_storage.h">
      <Filter>Header Files</Filter>
    </ClInclude>
    <ClInclude Include="usb2xb_usb.h">
      <Filter>Header Files</Filter>
    </ClInclude>
    <ClInclude Include="xbox_usb.h">
      <Filter>Header Files</Filter>
    </ClInclude>
    <ClInclude Include="stb_image.h">
      <Filter>Header Files</Filter>
    </ClInclude>
    <ClInclude Include="dd_osk.h">
      <Filter>Header Files</Filter>
    </ClInclude>
    <ClInclude Include="usb2xb_assets.h">
      <Filter>Header Files</Filter>
    </ClInclude>
    <ClInclude Include="usb2xb_stbi.h">
      <Filter>Header Files</Filter>
    </ClInclude>
    <ClInclude Include="minimp3.h">
      <Filter>Header Files</Filter>
    </ClInclude>
    <ClInclude Include="usb2xb_audio.h">
      <Filter>Header Files</Filter>
    </ClInclude>
  </ItemGroup>
  <ItemGroup>
    <ClCompile Include="dd_copyjob.cpp">
      <Filter>Source Files</Filter>
    </ClCompile>
    <ClCompile Include="dd_fileops.cpp">
      <Filter>Source Files</Filter>
    </ClCompile>
    <ClCompile Include="dd_gfx.cpp">
      <Filter>Source Files</Filter>
    </ClCompile>
    <ClCompile Include="dd_iso.cpp">
      <Filter>Source Files</Filter>
    </ClCompile>
    <ClCompile Include="dd_ui.cpp">
      <Filter>Source Files</Filter>
    </ClCompile>
    <ClCompile Include="fileman.cpp">
      <Filter>Source Files</Filter>
    </ClCompile>
    <ClCompile Include="font.cpp">
      <Filter>Source Files</Filter>
    </ClCompile>
    <ClCompile Include="input.cpp">
      <Filter>Source Files</Filter>
    </ClCompile>
    <ClCompile Include="main.cpp">
      <Filter>Source Files</Filter>
    </ClCompile>
    <ClCompile Include="usb2xb.cpp">
      <Filter>Source Files</Filter>
    </ClCompile>
    <ClCompile Include="usb2xb_storage.cpp">
      <Filter>Source Files</Filter>
    </ClCompile>
    <ClCompile Include="usb2xb_usb.cpp">
      <Filter>Source Files</Filter>
    </ClCompile>
    <ClCompile Include="dd_osk.cpp">
      <Filter>Source Files</Filter>
    </ClCompile>
    <ClCompile Include="usb2xb_assets.cpp">
      <Filter>Source Files</Filter>
    </ClCompile>
    <ClCompile Include="usb2xb_stbi.cpp">
      <Filter>Source Files</Filter>
    </ClCompile>
    <ClCompile Include="usb2xb_audio.cpp">
      <Filter>Source Files</Filter>
    </ClCompile>
    <ClCompile Include="usb2xb_ftol.cpp">
      <Filter>Source Files</Filter>
    </ClCompile>
  </ItemGroup>
</Project>